{
  "name": "Picker",
  "lockfileVersion": 3,
  "requires": true,
  "packages": {
    "": {
      "dependencies": {
        "mat-for-js": "^1.1.0"
      }
    },
    "node_modules/mat-for-js": {
      "version": "1.1.0",
      "resolved": "https://registry.npmjs.org/mat-for-js/-/mat-for-js-1.1.0.tgz",
      "integrity": "sha512-2yZygGgHUnz7eM9OD3io+J9fzXNCe4wXwIAfSV7rwvH9ZoKip4vpfOkwJBYmbJ+ntzgsJfcAK0ONBJCEf0v3FQ==",
      "dependencies": {
        "pako": "^1.0.11"
      }
    },
    "node_modules/pako": {
      "version": "1.0.11",
      "resolved": "https://registry.npmjs.org/pako/-/pako-1.0.11.tgz",
      "integrity": "sha512-4hLB8Py4zZce5s4yd9XzopqwVv/yGNhV1Bl8NTmCq1763HeK2+EwVTv+leGeL13Dnh2wfbqowVPXCIO0z4taYw=="
    }
  }
}
